
Microsoft Visual Studio Solution File, Format Version 12.00
# Visual Studio Version 16
VisualStudioVersion = 16.0.29318.209
MinimumVisualStudioVersion = 10.0.40219.1
Project("{FAE04EC0-301F-11D3-BF4B-00C04F79EFBC}") = "PersonalitySchedule", "PersonalitySchedule\PersonalitySchedule.csproj", "{FC0D62AB-8B7D-4BC3-9245-C162F2C8ED2A}"
EndProject
Global
	GlobalSection(SolutionConfigurationPlatforms) = preSolution
		Debug|Any CPU = Debug|Any CPU
		Release|Any CPU = Release|Any CPU
	EndGlobalSection
	GlobalSection(ProjectConfigurationPlatforms) = postSolution
		{FC0D62AB-8B7D-4BC3-9245-C162F2C8ED2A}.Debug|Any CPU.ActiveCfg = Debug|Any CPU
		{FC0D62AB-8B7D-4BC3-9245-C162F2C8ED2A}.Debug|Any CPU.Build.0 = Debug|Any CPU
		{FC0D62AB-8B7D-4BC3-9245-C162F2C8ED2A}.Release|Any CPU.ActiveCfg = Release|Any CPU
		{FC0D62AB-8B7D-4BC3-9245-C162F2C8ED2A}.Release|Any CPU.Build.0 = Release|Any CPU
	EndGlobalSection
	GlobalSection(SolutionProperties) = preSolution
		HideSolutionNode = FALSE
	EndGlobalSection
	GlobalSection(ExtensibilityGlobals) = postSolution
		SolutionGuid = {43950021-5ED0-4F55-9F15-4986E4C33810}
	EndGlobalSection
EndGlobal
